
Microsoft Visual Studio Solution File, Format Version 12.00
# Visual Studio Version 16
VisualStudioVersion = 16.0.34931.43
MinimumVisualStudioVersion = 10.0.40219.1
Project("{FAE04EC0-301F-11D3-BF4B-00C04F79EFBC}") = "quadratic formula", "quadratic formula\quadratic formula.csproj", "{839A6B4C-6282-4635-8EE2-3986B1DFB63E}"
EndProject
Global
	GlobalSection(SolutionConfigurationPlatforms) = preSolution
		Debug|Any CPU = Debug|Any CPU
		Release|Any CPU = Release|Any CPU
	EndGlobalSection
	GlobalSection(ProjectConfigurationPlatforms) = postSolution
		{839A6B4C-6282-4635-8EE2-3986B1DFB63E}.Debug|Any CPU.ActiveCfg = Debug|Any CPU
		{839A6B4C-6282-4635-8EE2-3986B1DFB63E}.Debug|Any CPU.Build.0 = Debug|Any CPU
		{839A6B4C-6282-4635-8EE2-3986B1DFB63E}.Release|Any CPU.ActiveCfg = Release|Any CPU
		{839A6B4C-6282-4635-8EE2-3986B1DFB63E}.Release|Any CPU.Build.0 = Release|Any CPU
	EndGlobalSection
	GlobalSection(SolutionProperties) = preSolution
		HideSolutionNode = FALSE
	EndGlobalSection
	GlobalSection(ExtensibilityGlobals) = postSolution
		SolutionGuid = {A4B9225A-CFE8-4128-A807-D4FA6FFE58E5}
	EndGlobalSection
EndGlobal
